
Microsoft Visual Studio Solution File, Format Version 12.00
# Visual Studio 15
VisualStudioVersion = 15.0.28010.2036
MinimumVisualStudioVersion = 10.0.40219.1
Project("{FAE04EC0-301F-11D3-BF4B-00C04F79EFBC}") = "ejercicios basicos condicionales", "ejercicios basicos condicionales\ejercicios basicos condicionales.csproj", "{9B9BAA1E-3F14-4021-9FF5-23AAA16F5865}"
EndProject
Global
	GlobalSection(SolutionConfigurationPlatforms) = preSolution
		Debug|Any CPU = Debug|Any CPU
		Release|Any CPU = Release|Any CPU
	EndGlobalSection
	GlobalSection(ProjectConfigurationPlatforms) = postSolution
		{9B9BAA1E-3F14-4021-9FF5-23AAA16F5865}.Debug|Any CPU.ActiveCfg = Debug|Any CPU
		{9B9BAA1E-3F14-4021-9FF5-23AAA16F5865}.Debug|Any CPU.Build.0 = Debug|Any CPU
		{9B9BAA1E-3F14-4021-9FF5-23AAA16F5865}.Release|Any CPU.ActiveCfg = Release|Any CPU
		{9B9BAA1E-3F14-4021-9FF5-23AAA16F5865}.Release|Any CPU.Build.0 = Release|Any CPU
	EndGlobalSection
	GlobalSection(SolutionProperties) = preSolution
		HideSolutionNode = FALSE
	EndGlobalSection
	GlobalSection(ExtensibilityGlobals) = postSolution
		SolutionGuid = {6666F212-817E-47F9-A08E-AECEDDFEE44C}
	EndGlobalSection
EndGlobal
